<?xml version="1.0" encoding="utf-8"?>
<Project ToolsVersion="4.0" xmlns="http://schemas.microsoft.com/developer/msbuild/2003">
  <ItemGroup>
    <Filter Include="Engine">
      <UniqueIdentifier>{20b1af40-4eaf-4356-a7c7-9176a168dde0}</UniqueIdentifier>
    </Filter>
    <Filter Include="Engine\Core">
      <UniqueIdentifier>{c23fa2ce-80b4-4220-8bb3-300c3314eb54}</UniqueIdentifier>
    </Filter>
    <Filter Include="Engine\Math">
      <UniqueIdentifier>{a5942d01-6ac4-4b0d-b208-3b5313bc0f68}</UniqueIdentifier>
    </Filter>
    <Filter Include="Engine\Graphics">
      <UniqueIdentifier>{a8505859-9d96-4e76-8905-5c7a1a835f22}</UniqueIdentifier>
    </Filter>
    <Filter Include="Engine\Model">
      <UniqueIdentifier>{2767d340-7525-4758-b501-9ab8bd40a231}</UniqueIdentifier>
    </Filter>
    <Filter Include="Engine\ECS">
      <UniqueIdentifier>{17152a3b-b09d-42eb-832d-79eba052e5d1}</UniqueIdentifier>
    </Filter>
    <Filter Include="Engine\Physics">
      <UniqueIdentifier>{62991196-be51-4c70-9f87-1520f18b0927}</UniqueIdentifier>
    </Filter>
    <Filter Include="Engine\Script">
      <UniqueIdentifier>{c715d0f4-9729-4ac0-beef-7ef94c537591}</UniqueIdentifier>
    </Filter>
    <Filter Include="Engine\Audio">
      <UniqueIdentifier>{904501af-929c-47ef-af4a-75c2af0a3e51}</UniqueIdentifier>
    </Filter>
    <Filter Include="Engine\Editor">
      <UniqueIdentifier>{11a73cd7-d294-40a5-b3c6-55ca88694bf0}</UniqueIdentifier>
    </Filter>
    <Filter Include="ソース ファイル">
      <UniqueIdentifier>{4FC737F1-C7A5-4376-A066-2A32D752A2FF}</UniqueIdentifier>
      <Extensions>cpp;c;cc;cxx;c++;cppm;ixx;def;odl;idl;hpj;bat;asm;asmx</Extensions>
    </Filter>
    <Filter Include="ヘッダー ファイル">
      <UniqueIdentifier>{93995380-89BD-4b04-88EB-625FBE52EBFB}</UniqueIdentifier>
      <Extensions>h;hh;hpp;hxx;h++;hm;inl;inc;ipp;xsd</Extensions>
    </Filter>
    <Filter Include="リソース ファイル">
      <UniqueIdentifier>{67DA6AB6-F800-4c08-8B7A-83BB121AAD01}</UniqueIdentifier>
      <Extensions>rc;ico;cur;bmp;dlg;rc2;rct;bin;rgs;gif;jpg;jpeg;jpe;resx;tiff;tif;png;wav;mfcribbon-ms</Extensions>
    </Filter>
    <Filter Include="ソース ファイル\TUFengine">
      <UniqueIdentifier>{9321c593-34c3-4ea4-8c30-ba64cc5f1918}</UniqueIdentifier>
    </Filter>
    <Filter Include="外部から持ってきた関数やファイル">
      <UniqueIdentifier>{aec849b1-0b23-4f6a-8af4-acc16205e6c9}</UniqueIdentifier>
    </Filter>
    <Filter Include="ソース ファイル\TUFengine\GUIなどの外部ライブラリ">
      <UniqueIdentifier>{3fa35654-a00a-452f-9e2a-39e9e7f6c50e}</UniqueIdentifier>
    </Filter>
    <Filter Include="ソース ファイル\TUFengine\GUIなどの外部ライブラリ\ImGui">
      <UniqueIdentifier>{a58f401e-1fee-4f97-b737-6042e8cd6f8e}</UniqueIdentifier>
    </Filter>
    <Filter Include="ソース ファイル\TUFengine\GUIなどの外部ライブラリ\ImGui\外部ファイルのImGui">
      <UniqueIdentifier>{4b71b213-f9c5-4e64-b6b7-018a86e2142c}</UniqueIdentifier>
    </Filter>
    <Filter Include="ソース ファイル\TUFengine\GUIなどの外部ライブラリ\ImGui\アセット管理用GUI">
      <UniqueIdentifier>{b960d42e-b0f7-4a8a-937d-4c3e15b34e49}</UniqueIdentifier>
    </Filter>
    <Filter Include="ソース ファイル\TUFengine\GUIなどの外部ライブラリ\ImGui\デバック情報をまとめるGUI">
      <UniqueIdentifier>{050d8f04-21f2-4415-81d9-4b40050f2d66}</UniqueIdentifier>
    </Filter>
    <Filter Include="ソース ファイル\TUFengine\GUIなどの外部ライブラリ\ImGui\imGuiZmo">
      <UniqueIdentifier>{7a83f7e2-04f6-46dc-b7f0-e76933dd39d4}</UniqueIdentifier>
    </Filter>
    <Filter Include="ソース ファイル\TUFengine\GUIなどの外部ライブラリ\json">
      <UniqueIdentifier>{27826810-ec8c-4f1d-8a35-34226bd9fcd1}</UniqueIdentifier>
    </Filter>
    <Filter Include="ソース ファイル\TUFengine\エンジンの基礎部分">
      <UniqueIdentifier>{a741f665-703b-4755-bcd8-01a827ac64eb}</UniqueIdentifier>
    </Filter>
    <Filter Include="ソース ファイル\TUFengine\エンジンの基礎部分\GPU駆動のための者たち">
      <UniqueIdentifier>{7a3ef0db-0f35-4bf4-a621-32f765ac06f4}</UniqueIdentifier>
    </Filter>
    <Filter Include="ソース ファイル\TUFengine\エンジンの基礎部分\Camera">
      <UniqueIdentifier>{5e4f739c-26a8-4327-9dc5-b5fc68d8e825}</UniqueIdentifier>
    </Filter>
    <Filter Include="ソース ファイル\TUFengine\エンジンの基礎部分\Camera\DebugCamera">
      <UniqueIdentifier>{9a98a508-67eb-410f-bdf5-9dc285d64660}</UniqueIdentifier>
    </Filter>
    <Filter Include="ソース ファイル\TUFengine\エンジンの基礎部分\.h">
      <UniqueIdentifier>{3c1f6f7c-4735-4bc1-9648-a45e27303166}</UniqueIdentifier>
    </Filter>
    <Filter Include="ソース ファイル\TUFengine\エンジンの基礎部分\.cpp">
      <UniqueIdentifier>{210b12b8-3397-4fa6-a9b2-4dc8d80a85c8}</UniqueIdentifier>
    </Filter>
    <Filter Include="ソース ファイル\TUFengine\エンジンの基礎部分\Input">
      <UniqueIdentifier>{0fc2a419-30ba-42a5-9b8f-0ff6cd5fd699}</UniqueIdentifier>
    </Filter>
    <Filter Include="ソース ファイル\TUFengine\エンジンの基礎部分\Vector">
      <UniqueIdentifier>{389704d1-d7ca-40d4-a241-9bfc1e74e7fd}</UniqueIdentifier>
    </Filter>
    <Filter Include="ソース ファイル\TUFengine\エンジンの基礎部分\オブジェクトのリリース関数">
      <UniqueIdentifier>{55dcfd81-49c3-400e-8986-2aab9a04e915}</UniqueIdentifier>
    </Filter>
    <Filter Include="ソース ファイル\TUFengine\エンジンの基礎部分\サウンドクラス">
      <UniqueIdentifier>{72ae2431-e364-41c6-a963-213d03830cb2}</UniqueIdentifier>
    </Filter>
    <Filter Include="ソース ファイル\TUFengine\エンジンの基礎部分\ライティングの設定を行うクラス">
      <UniqueIdentifier>{c1e7bbb4-7929-4348-b8e3-1e6782a46439}</UniqueIdentifier>
    </Filter>
    <Filter Include="ソース ファイル\TUFengine\エンジンの基礎部分\各3Dオブジェクトの当たり判定かしか部分">
      <UniqueIdentifier>{0b299a22-f924-491a-9e93-534f7da908ee}</UniqueIdentifier>
    </Filter>
    <Filter Include="ソース ファイル\TUFengine\エンジンの基礎部分\描画物関係">
      <UniqueIdentifier>{ed6770f1-157c-4cac-b725-8f72395c0a60}</UniqueIdentifier>
    </Filter>
    <Filter Include="ソース ファイル\TUFengine\エンジンの基礎部分\描画物関係\Texture">
      <UniqueIdentifier>{516b4b7d-8391-45b9-8cca-b738370a1872}</UniqueIdentifier>
    </Filter>
    <Filter Include="ソース ファイル\TUFengine\エンジンの基礎部分\描画物関係\Texture\専用GUI">
      <UniqueIdentifier>{d5085894-9bb7-485c-bbb0-34a0af63f468}</UniqueIdentifier>
    </Filter>
    <Filter Include="ソース ファイル\TUFengine\エンジンの基礎部分\描画物関係\各種モデル群">
      <UniqueIdentifier>{2c77130c-4081-4d52-8c77-f08cc33b8792}</UniqueIdentifier>
    </Filter>
    <Filter Include="ソース ファイル\TUFengine\エンジンの基礎部分\描画物関係\各種モデル群\3Dmodel">
      <UniqueIdentifier>{3545f7fb-7e11-4ad9-8fd9-d9dd5e63b925}</UniqueIdentifier>
    </Filter>
    <Filter Include="ソース ファイル\TUFengine\エンジンの基礎部分\描画物関係\各種モデル群\各種図形">
      <UniqueIdentifier>{d1bdb031-4692-41a0-a0c9-af5b0dbeec11}</UniqueIdentifier>
    </Filter>
    <Filter Include="ソース ファイル\TUFengine\エンジンの基礎部分\描画物関係\各種モデル群\板ポリ">
      <UniqueIdentifier>{90893312-83cc-4757-83f8-23278a455907}</UniqueIdentifier>
    </Filter>
    <Filter Include="ソース ファイル\TUFengine\エンジンの基礎部分\描画物関係\各種モデル群\Load関数">
      <UniqueIdentifier>{2fbf40e5-2405-46e0-964c-67f46fc904e9}</UniqueIdentifier>
    </Filter>
    <Filter Include="ソース ファイル\TUFengine\コンポーネントクラス群">
      <UniqueIdentifier>{7848e809-764c-4b43-9c43-880963ae7569}</UniqueIdentifier>
    </Filter>
    <Filter Include="ソース ファイル\TUFengine\コンポーネントクラス群\EntityConp">
      <UniqueIdentifier>{54e018a6-2c05-41e0-8c32-148766aade80}</UniqueIdentifier>
    </Filter>
    <Filter Include="ソース ファイル\TUFengine\コンポーネントクラス群\EntityConp\Addコンポーネントによって追加されるもの">
      <UniqueIdentifier>{0ade99f5-7990-4276-ba15-eceb23901ff5}</UniqueIdentifier>
    </Filter>
    <Filter Include="ソース ファイル\TUFengine\エンジンの基礎部分\陰に関する処理">
      <UniqueIdentifier>{6d2275df-3644-4d82-a1da-89891eaa7889}</UniqueIdentifier>
    </Filter>
    <Filter Include="ソース ファイル\TUFengine\GUIなどの外部ライブラリ\jolt（最強の物理エンジン）">
      <UniqueIdentifier>{4243df2e-cc0b-40dc-9eb0-c2f0cf5a1dd6}</UniqueIdentifier>
    </Filter>
    <Filter Include="ソース ファイル\TUFengine\コンポーネントクラス群\EntityConp\Addコンポーネントによって追加されるもの\colliderのコンポーネント">
      <UniqueIdentifier>{cfafe421-0a13-4713-a9e1-4cdae5c6a4ff}</UniqueIdentifier>
    </Filter>
  </ItemGroup>
  <ItemGroup>
    <ClCompile Include="main.cpp">
      <Filter>ソース ファイル</Filter>
    </ClCompile>
    <ClCompile Include="Engine\Core\TUFEngine.cpp">
      <Filter>Engine\Core</Filter>
    </ClCompile>
    <ClCompile Include="Engine\Core\ConvertString.cpp">
      <Filter>Engine\Core</Filter>
    </ClCompile>
    <ClCompile Include="Engine\Graphics\DXC.cpp">
      <Filter>Engine\Graphics</Filter>
    </ClCompile>
    <ClCompile Include="Engine\Core\LogSistem.cpp">
      <Filter>Engine\Core</Filter>
    </ClCompile>
    <ClCompile Include="Engine\Graphics\PSO.cpp">
      <Filter>Engine\Graphics</Filter>
    </ClCompile>
    <ClCompile Include="Engine\Graphics\VertexResource.cpp">
      <Filter>Engine\Graphics</Filter>
    </ClCompile>
    <ClCompile Include="Engine\Math\Vector.cpp">
      <Filter>Engine\Math</Filter>
    </ClCompile>
    <ClCompile Include="Engine\Model\Sphere.cpp">
      <Filter>Engine\Model</Filter>
    </ClCompile>
    <ClCompile Include="Engine\Model\Model.cpp">
      <Filter>Engine\Model</Filter>
    </ClCompile>
    <ClCompile Include="Engine\Graphics\TextureManager.cpp">
      <Filter>Engine\Graphics</Filter>
    </ClCompile>
    <ClCompile Include="Engine\Model\MeshModel.cpp">
      <Filter>Engine\Model</Filter>
    </ClCompile>
    <ClCompile Include="Engine\Model\TriangleModel.cpp">
      <Filter>Engine\Model</Filter>
    </ClCompile>
    <ClCompile Include="Engine\Model\DynamicMesh.cpp">
      <Filter>Engine\Model</Filter>
    </ClCompile>
    <ClCompile Include="Engine\Model\WaveGrid.cpp">
      <Filter>Engine\Model</Filter>
    </ClCompile>
    <ClCompile Include="externals\imgui\imgui.cpp">
      <Filter>ソース ファイル\TUFengine\GUIなどの外部ライブラリ\ImGui\外部ファイルのImGui</Filter>
    </ClCompile>
    <ClCompile Include="externals\imgui\imgui_demo.cpp">
      <Filter>ソース ファイル\TUFengine\GUIなどの外部ライブラリ\ImGui\外部ファイルのImGui</Filter>
    </ClCompile>
    <ClCompile Include="externals\imgui\imgui_draw.cpp">
      <Filter>ソース ファイル\TUFengine\GUIなどの外部ライブラリ\ImGui\外部ファイルのImGui</Filter>
    </ClCompile>
    <ClCompile Include="externals\imgui\imgui_impl_dx12.cpp">
      <Filter>ソース ファイル\TUFengine\GUIなどの外部ライブラリ\ImGui\外部ファイルのImGui</Filter>
    </ClCompile>
    <ClCompile Include="externals\imgui\imgui_impl_win32.cpp">
      <Filter>ソース ファイル\TUFengine\GUIなどの外部ライブラリ\ImGui\外部ファイルのImGui</Filter>
    </ClCompile>
    <ClCompile Include="externals\imgui\imgui_widgets.cpp">
      <Filter>ソース ファイル\TUFengine\GUIなどの外部ライブラリ\ImGui\外部ファイルのImGui</Filter>
    </ClCompile>
    <ClCompile Include="externals\imgui\imgui_tables.cpp">
      <Filter>ソース ファイル\TUFengine\GUIなどの外部ライブラリ\ImGui\外部ファイルのImGui</Filter>
    </ClCompile>
    <ClCompile Include="Engine\Editor\ImGuiWindow.cpp">
      <Filter>Engine\Editor</Filter>
    </ClCompile>
    <ClCompile Include="Engine\Editor\ImGuiUIManager.cpp">
      <Filter>Engine\Editor</Filter>
    </ClCompile>
    <ClCompile Include="Engine\Model\DynamicMeshModel.cpp">
      <Filter>Engine\Model</Filter>
    </ClCompile>
    <ClCompile Include="Engine\Graphics\Camera.cpp">
      <Filter>Engine\Graphics</Filter>
    </ClCompile>
    <ClCompile Include="Engine\Editor\ImGuiCamera.cpp">
      <Filter>Engine\Editor</Filter>
    </ClCompile>
    <ClCompile Include="Engine\Editor\ImGuiDebug.cpp">
      <Filter>Engine\Editor</Filter>
    </ClCompile>
    <ClCompile Include="Engine\Graphics\Sprite.cpp">
      <Filter>Engine\Graphics</Filter>
    </ClCompile>
    <ClCompile Include="Engine\Core\ResourceObject.cpp">
      <Filter>Engine\Core</Filter>
    </ClCompile>
    <ClCompile Include="Engine\Audio\Sound.cpp">
      <Filter>Engine\Audio</Filter>
    </ClCompile>
    <ClCompile Include="Engine\Graphics\DebugCamer.cpp">
      <Filter>Engine\Graphics</Filter>
    </ClCompile>
    <ClCompile Include="Engine\Editor\ImGuiSpriteUV.cpp">
      <Filter>Engine\Editor</Filter>
    </ClCompile>
    <ClCompile Include="Engine\Editor\ImGuiContentBrowser.cpp">
      <Filter>Engine\Editor</Filter>
    </ClCompile>
    <ClCompile Include="externals\imgui\ImGuizmo.cpp">
      <Filter>ソース ファイル\TUFengine\GUIなどの外部ライブラリ\ImGui\imGuiZmo</Filter>
    </ClCompile>
    <ClCompile Include="Engine\Graphics\LightManager.cpp">
      <Filter>Engine\Graphics</Filter>
    </ClCompile>
    <ClCompile Include="Engine\Graphics\GpuDrivenRenderer.cpp">
      <Filter>Engine\Graphics</Filter>
    </ClCompile>
    <ClCompile Include="Engine\Model\Create3DObjectOBB.cpp">
      <Filter>Engine\Model</Filter>
    </ClCompile>
    <ClCompile Include="Engine\Model\WaveGridPSO.cpp">
      <Filter>Engine\Model</Filter>
    </ClCompile>
    <ClCompile Include="Engine\Model\FBXLoader.cpp">
      <Filter>Engine\Model</Filter>
    </ClCompile>
    <ClCompile Include="Engine\Model\ModelManager.cpp">
      <Filter>Engine\Model</Filter>
    </ClCompile>
    <ClCompile Include="Engine\ECS\EntityComponent.cpp">
      <Filter>Engine\ECS</Filter>
    </ClCompile>
    <ClCompile Include="Engine\ECS\Component.cpp">
      <Filter>Engine\ECS</Filter>
    </ClCompile>
    <ClCompile Include="Engine\Graphics\Line.cpp">
      <Filter>Engine\Graphics</Filter>
    </ClCompile>
    <ClCompile Include="Engine\ECS\MonoBehaviour.cpp">
      <Filter>Engine\ECS</Filter>
    </ClCompile>
    <ClCompile Include="Engine\ECS\EntityManager.cpp">
      <Filter>Engine\ECS</Filter>
    </ClCompile>
    <ClCompile Include="Engine\ECS\Entity.cpp">
      <Filter>Engine\ECS</Filter>
    </ClCompile>
    <ClCompile Include="Engine\Graphics\ShadowMapBuffer.cpp">
      <Filter>Engine\Graphics</Filter>
    </ClCompile>
    <ClCompile Include="Engine\Physics\FacadeJolt.cpp">
      <Filter>Engine\Physics</Filter>
    </ClCompile>
    <ClCompile Include="Engine\Script\ScriptRuntime.cpp">
      <Filter>Engine\Script</Filter>
    </ClCompile>
    <ClCompile Include="Engine\Script\GameScript.cpp">
      <Filter>Engine\Script</Filter>
    </ClCompile>
  </ItemGroup>
  <ItemGroup>
    <FxCompile Include="Object3d.VS.hlsl" />
    <FxCompile Include="Object3d.PS.hlsl" />
    <FxCompile Include="GpuDrivenObject.VS.hlsl" />
    <FxCompile Include="GpuDrivenObject.PS.hlsl" />
    <FxCompile Include="GpuDrivenObject.CS.hlsl" />
    <FxCompile Include="GpuDrivenIndirectArgs.CS.hlsl" />
    <FxCompile Include="GpuDrivenIndirectArgsNonIndexed.CS.hlsl" />
    <FxCompile Include="WaveGrid.CS.hlsl" />
    <FxCompile Include="Line.PS.hlsl" />
    <FxCompile Include="Line.VS.hlsl" />
    <FxCompile Include="shadow.VS.hlsl" />
  </ItemGroup>
  <ItemGroup>
    <ClInclude Include="Engine\Core\TUFEngine.h">
      <Filter>Engine\Core</Filter>
    </ClInclude>
    <ClInclude Include="Engine\Core\ConvertString.h">
      <Filter>Engine\Core</Filter>
    </ClInclude>
    <ClInclude Include="Engine\Graphics\DXC.h">
      <Filter>Engine\Graphics</Filter>
    </ClInclude>
    <ClInclude Include="Engine\Core\LogSistem.h">
      <Filter>Engine\Core</Filter>
    </ClInclude>
    <ClInclude Include="Engine\Graphics\PSO.h">
      <Filter>Engine\Graphics</Filter>
    </ClInclude>
    <ClInclude Include="Engine\Graphics\VertexResource.h">
      <Filter>Engine\Graphics</Filter>
    </ClInclude>
    <ClInclude Include="Engine\Math\Vector.h">
      <Filter>Engine\Math</Filter>
    </ClInclude>
    <ClInclude Include="Engine\Math\allVector.h">
      <Filter>Engine\Math</Filter>
    </ClInclude>
    <ClInclude Include="Engine\Math\Vector2.h">
      <Filter>Engine\Math</Filter>
    </ClInclude>
    <ClInclude Include="Engine\Math\Vector3.h">
      <Filter>Engine\Math</Filter>
    </ClInclude>
    <ClInclude Include="Engine\Math\Vector4.h">
      <Filter>Engine\Math</Filter>
    </ClInclude>
    <ClInclude Include="Engine\Core\Input.h">
      <Filter>Engine\Core</Filter>
    </ClInclude>
    <ClInclude Include="Engine\Model\allShapesModel.h">
      <Filter>Engine\Model</Filter>
    </ClInclude>
    <ClInclude Include="Engine\Model\Sphere.h">
      <Filter>Engine\Model</Filter>
    </ClInclude>
    <ClInclude Include="Engine\Model\Model.h">
      <Filter>Engine\Model</Filter>
    </ClInclude>
    <ClInclude Include="Engine\Graphics\TextureManager.h">
      <Filter>Engine\Graphics</Filter>
    </ClInclude>
    <ClInclude Include="Engine\Model\MeshModel.h">
      <Filter>Engine\Model</Filter>
    </ClInclude>
    <ClInclude Include="Engine\Model\TriangleModel.h">
      <Filter>Engine\Model</Filter>
    </ClInclude>
    <ClInclude Include="Engine\Model\DynamicMesh.h">
      <Filter>Engine\Model</Filter>
    </ClInclude>
    <ClInclude Include="Engine\Model\WaveGrid.h">
      <Filter>Engine\Model</Filter>
    </ClInclude>
    <ClInclude Include="externals\imgui\imconfig.h">
      <Filter>ソース ファイル\TUFengine\GUIなどの外部ライブラリ\ImGui\外部ファイルのImGui</Filter>
    </ClInclude>
    <ClInclude Include="externals\imgui\imgui.h">
      <Filter>ソース ファイル\TUFengine\GUIなどの外部ライブラリ\ImGui\外部ファイルのImGui</Filter>
    </ClInclude>
    <ClInclude Include="externals\imgui\imgui_impl_dx12.h">
      <Filter>ソース ファイル\TUFengine\GUIなどの外部ライブラリ\ImGui\外部ファイルのImGui</Filter>
    </ClInclude>
    <ClInclude Include="externals\imgui\imgui_impl_win32.h">
      <Filter>ソース ファイル\TUFengine\GUIなどの外部ライブラリ\ImGui\外部ファイルのImGui</Filter>
    </ClInclude>
    <ClInclude Include="externals\imgui\imgui_internal.h">
      <Filter>ソース ファイル\TUFengine\GUIなどの外部ライブラリ\ImGui\外部ファイルのImGui</Filter>
    </ClInclude>
    <ClInclude Include="externals\imgui\imstb_rectpack.h">
      <Filter>ソース ファイル\TUFengine\GUIなどの外部ライブラリ\ImGui\外部ファイルのImGui</Filter>
    </ClInclude>
    <ClInclude Include="externals\imgui\imstb_textedit.h">
      <Filter>ソース ファイル\TUFengine\GUIなどの外部ライブラリ\ImGui\外部ファイルのImGui</Filter>
    </ClInclude>
    <ClInclude Include="externals\imgui\imstb_truetype.h">
      <Filter>ソース ファイル\TUFengine\GUIなどの外部ライブラリ\ImGui\外部ファイルのImGui</Filter>
    </ClInclude>
    <ClInclude Include="Engine\Core\AllIncludeHeder.h">
      <Filter>Engine\Core</Filter>
    </ClInclude>
    <ClInclude Include="Engine\Editor\ImGuiWindow.h">
      <Filter>Engine\Editor</Filter>
    </ClInclude>
    <ClInclude Include="Engine\Editor\ImGuiUIManager.h">
      <Filter>Engine\Editor</Filter>
    </ClInclude>
    <ClInclude Include="Engine\Model\DynamicMeshModel.h">
      <Filter>Engine\Model</Filter>
    </ClInclude>
    <ClInclude Include="Engine\Graphics\Camera.h">
      <Filter>Engine\Graphics</Filter>
    </ClInclude>
    <ClInclude Include="Engine\ECS\cameraComponent.h">
      <Filter>Engine\ECS</Filter>
    </ClInclude>
    <ClInclude Include="Engine\Editor\ImGuiCamera.h">
      <Filter>Engine\Editor</Filter>
    </ClInclude>
    <ClInclude Include="Engine\Editor\ImGuiDebug.h">
      <Filter>Engine\Editor</Filter>
    </ClInclude>
    <ClInclude Include="Engine\Graphics\Sprite.h">
      <Filter>Engine\Graphics</Filter>
    </ClInclude>
    <ClInclude Include="Engine\Core\ResourceObject.h">
      <Filter>Engine\Core</Filter>
    </ClInclude>
    <ClInclude Include="Engine\Audio\Sound.h">
      <Filter>Engine\Audio</Filter>
    </ClInclude>
    <ClInclude Include="Engine\Graphics\DebugCamer.h">
      <Filter>Engine\Graphics</Filter>
    </ClInclude>
    <ClInclude Include="Engine\Editor\ImGuiSpriteUV.h">
      <Filter>Engine\Editor</Filter>
    </ClInclude>
    <ClInclude Include="Engine\Editor\ImGuiContentBrowser.h">
      <Filter>Engine\Editor</Filter>
    </ClInclude>
    <ClInclude Include="externals\nlohmann\json.hpp">
      <Filter>ソース ファイル\TUFengine\GUIなどの外部ライブラリ\json</Filter>
    </ClInclude>
    <ClInclude Include="externals\imgui\ImGuizmo.h">
      <Filter>ソース ファイル\TUFengine\GUIなどの外部ライブラリ\ImGui\imGuiZmo</Filter>
    </ClInclude>
    <ClInclude Include="Engine\Graphics\LightManager.h">
      <Filter>Engine\Graphics</Filter>
    </ClInclude>
    <ClInclude Include="Engine\Graphics\GpuDrivenRenderer.h">
      <Filter>Engine\Graphics</Filter>
    </ClInclude>
    <ClInclude Include="Engine\Graphics\GpuDrivenTypes.h">
      <Filter>Engine\Graphics</Filter>
    </ClInclude>
    <ClInclude Include="Engine\Model\Create3DObjectOBB.h">
      <Filter>Engine\Model</Filter>
    </ClInclude>
    <ClInclude Include="Engine\Model\WaveGridPSO.h">
      <Filter>Engine\Model</Filter>
    </ClInclude>
    <ClInclude Include="Engine\Model\FBXLoader.h">
      <Filter>Engine\Model</Filter>
    </ClInclude>
    <ClInclude Include="Engine\Model\ModelManager.h">
      <Filter>Engine\Model</Filter>
    </ClInclude>
    <ClInclude Include="Engine\ECS\EntityComponent.h">
      <Filter>Engine\ECS</Filter>
    </ClInclude>
    <ClInclude Include="Engine\ECS\Component.h">
      <Filter>Engine\ECS</Filter>
    </ClInclude>
    <ClInclude Include="Engine\ECS\AllComponent.h">
      <Filter>Engine\ECS</Filter>
    </ClInclude>
    <ClInclude Include="Engine\Graphics\Line.h">
      <Filter>Engine\Graphics</Filter>
    </ClInclude>
    <ClInclude Include="Engine\ECS\Transform.h">
      <Filter>Engine\ECS</Filter>
    </ClInclude>
    <ClInclude Include="Engine\ECS\MonoBehaviour.h">
      <Filter>Engine\ECS</Filter>
    </ClInclude>
    <ClInclude Include="Engine\ECS\LearnComponent.h">
      <Filter>Engine\ECS</Filter>
    </ClInclude>
    <ClInclude Include="Engine\ECS\MeshFilter.h">
      <Filter>Engine\ECS</Filter>
    </ClInclude>
    <ClInclude Include="Engine\Script\GameScript.h">
      <Filter>Engine\Script</Filter>
    </ClInclude>
    <ClInclude Include="externals\scripting\coreclr_delegates.h">
      <Filter>外部から持ってきた関数やファイル</Filter>
    </ClInclude>
    <ClInclude Include="externals\scripting\hostfxr.h">
      <Filter>外部から持ってきた関数やファイル</Filter>
    </ClInclude>
    <ClInclude Include="Engine\ECS\EntityManager.h">
      <Filter>Engine\ECS</Filter>
    </ClInclude>
    <ClInclude Include="Engine\ECS\Entity.h">
      <Filter>Engine\ECS</Filter>
    </ClInclude>
    <ClInclude Include="Engine\Graphics\ShadowMapBuffer.h">
      <Filter>Engine\Graphics</Filter>
    </ClInclude>
    <ClInclude Include="resource.h">
      <Filter>ヘッダー ファイル</Filter>
    </ClInclude>
    <ClInclude Include="Engine\Physics\JoltAllinclude.h">
      <Filter>Engine\Physics</Filter>
    </ClInclude>
    <ClInclude Include="Engine\Physics\FacadeJolt.h">
      <Filter>Engine\Physics</Filter>
    </ClInclude>
    <ClInclude Include="Engine\Physics\Collider.h">
      <Filter>Engine\Physics</Filter>
    </ClInclude>
    <ClInclude Include="Engine\Physics\BoxCollider.h">
      <Filter>Engine\Physics</Filter>
    </ClInclude>
    <ClInclude Include="Engine\Physics\SphereCollider.h">
      <Filter>Engine\Physics</Filter>
    </ClInclude>
    <ClInclude Include="Engine\Physics\ConvexHullCollider.h">
      <Filter>Engine\Physics</Filter>
    </ClInclude>
    <ClInclude Include="Engine\Physics\Rigidbody.h">
      <Filter>Engine\Physics</Filter>
    </ClInclude>
    <ClInclude Include="Engine\Script\ScriptRuntime.h">
      <Filter>Engine\Script</Filter>
    </ClInclude>
  </ItemGroup>
  <ItemGroup>
    <None Include="Object3d.hlsli" />
    <None Include="GpuDrivenObject.hlsli" />
    <None Include="Light.hlsli" />
  </ItemGroup>
  <ItemGroup>
    <ResourceCompile Include="TUFEngine.rc">
      <Filter>リソース ファイル</Filter>
    </ResourceCompile>
  </ItemGroup>
</Project>
